// !$*UTF8*$!
{
	archiveVersion = 1;
	classes = {
	};
	objectVersion = 46;
	objects = {

/* Begin PBXBuildFile section */
		C7182DE0192ABAF500C36303 /* remove_phase.rb in Resources */ = {isa = PBXBuildFile; fileRef = C7182DDF192ABAF500C36303 /* remove_phase.rb */; };
		C7A5F8B5193F712600EAF99F /* fui_script.sh in Resources */ = {isa = PBXBuildFile; fileRef = C7A5F8B4193F712600EAF99F /* fui_script.sh */; };
		C7B9EA601928D569000BA694 /* AppKit.framework in Frameworks */ = {isa = PBXBuildFile; fileRef = C7B9EA5F1928D569000BA694 /* AppKit.framework */; };
		C7B9EA621928D569000BA694 /* Foundation.framework in Frameworks */ = {isa = PBXBuildFile; fileRef = C7B9EA611928D569000BA694 /* Foundation.framework */; };
		C7B9EA681928D569000BA694 /* InfoPlist.strings in Resources */ = {isa = PBXBuildFile; fileRef = C7B9EA661928D569000BA694 /* InfoPlist.strings */; };
		C7B9EA6B1928D569000BA694 /* XCFxcfui.m in Sources */ = {isa = PBXBuildFile; fileRef = C7B9EA6A1928D569000BA694 /* XCFxcfui.m */; };
		C7B9EA731929322F000BA694 /* add_phase.rb in Resources */ = {isa = PBXBuildFile; fileRef = C7B9EA721929322F000BA694 /* add_phase.rb */; };
/* End PBXBuildFile section */

/* Begin PBXFileReference section */
		C7182DDF192ABAF500C36303 /* remove_phase.rb */ = {isa = PBXFileReference; fileEncoding = 4; lastKnownFileType = text.script.ruby; path = remove_phase.rb; sourceTree = "<group>"; };
		C7A5F8B4193F712600EAF99F /* fui_script.sh */ = {isa = PBXFileReference; fileEncoding = 4; lastKnownFileType = text.script.sh; path = fui_script.sh; sourceTree = "<group>"; };
		C7B9EA5C1928D569000BA694 /* xcfui.xcplugin */ = {isa = PBXFileReference; explicitFileType = wrapper.cfbundle; includeInIndex = 0; path = xcfui.xcplugin; sourceTree = BUILT_PRODUCTS_DIR; };
		C7B9EA5F1928D569000BA694 /* AppKit.framework */ = {isa = PBXFileReference; lastKnownFileType = wrapper.framework; name = AppKit.framework; path = System/Library/Frameworks/AppKit.framework; sourceTree = SDKROOT; };
		C7B9EA611928D569000BA694 /* Foundation.framework */ = {isa = PBXFileReference; lastKnownFileType = wrapper.framework; name = Foundation.framework; path = System/Library/Frameworks/Foundation.framework; sourceTree = SDKROOT; };
		C7B9EA651928D569000BA694 /* xcfui-Info.plist */ = {isa = PBXFileReference; lastKnownFileType = text.plist.xml; path = "xcfui-Info.plist"; sourceTree = "<group>"; };
		C7B9EA671928D569000BA694 /* en */ = {isa = PBXFileReference; lastKnownFileType = text.plist.strings; name = en; path = en.lproj/InfoPlist.strings; sourceTree = "<group>"; };
		C7B9EA691928D569000BA694 /* XCFxcfui.h */ = {isa = PBXFileReference; lastKnownFileType = sourcecode.c.h; path = XCFxcfui.h; sourceTree = "<group>"; };
		C7B9EA6A1928D569000BA694 /* XCFxcfui.m */ = {isa = PBXFileReference; lastKnownFileType = sourcecode.c.objc; path = XCFxcfui.m; sourceTree = "<group>"; };
		C7B9EA6C1928D569000BA694 /* xcfui-Prefix.pch */ = {isa = PBXFileReference; lastKnownFileType = sourcecode.c.h; path = "xcfui-Prefix.pch"; sourceTree = "<group>"; };
		C7B9EA721929322F000BA694 /* add_phase.rb */ = {isa = PBXFileReference; fileEncoding = 4; lastKnownFileType = text.script.ruby; path = add_phase.rb; sourceTree = "<group>"; };
/* End PBXFileReference section */

/* Begin PBXFrameworksBuildPhase section */
		C7B9EA591928D569000BA694 /* Frameworks */ = {
			isa = PBXFrameworksBuildPhase;
			buildActionMask = 2147483647;
			files = (
				C7B9EA601928D569000BA694 /* AppKit.framework in Frameworks */,
				C7B9EA621928D569000BA694 /* Foundation.framework in Frameworks */,
			);
			runOnlyForDeploymentPostprocessing = 0;
		};
/* End PBXFrameworksBuildPhase section */

/* Begin PBXGroup section */
		C7B9EA531928D569000BA694 = {
			isa = PBXGroup;
			children = (
				C7B9EA631928D569000BA694 /* xcfui */,
				C7B9EA5E1928D569000BA694 /* Frameworks */,
				C7B9EA5D1928D569000BA694 /* Products */,
			);
			sourceTree = "<group>";
		};
		C7B9EA5D1928D569000BA694 /* Products */ = {
			isa = PBXGroup;
			children = (
				C7B9EA5C1928D569000BA694 /* xcfui.xcplugin */,
			);
			name = Products;
			sourceTree = "<group>";
		};
		C7B9EA5E1928D569000BA694 /* Frameworks */ = {
			isa = PBXGroup;
			children = (
				C7B9EA5F1928D569000BA694 /* AppKit.framework */,
				C7B9EA611928D569000BA694 /* Foundation.framework */,
			);
			name = Frameworks;
			sourceTree = "<group>";
		};
		C7B9EA631928D569000BA694 /* xcfui */ = {
			isa = PBXGroup;
			children = (
				C7B9EA691928D569000BA694 /* XCFxcfui.h */,
				C7B9EA6A1928D569000BA694 /* XCFxcfui.m */,
				C7B9EA641928D569000BA694 /* Supporting Files */,
			);
			path = xcfui;
			sourceTree = "<group>";
		};
		C7B9EA641928D569000BA694 /* Supporting Files */ = {
			isa = PBXGroup;
			children = (
				C7182DDF192ABAF500C36303 /* remove_phase.rb */,
				C7B9EA721929322F000BA694 /* add_phase.rb */,
				C7B9EA651928D569000BA694 /* xcfui-Info.plist */,
				C7B9EA661928D569000BA694 /* InfoPlist.strings */,
				C7B9EA6C1928D569000BA694 /* xcfui-Prefix.pch */,
				C7A5F8B4193F712600EAF99F /* fui_script.sh */,
			);
			name = "Supporting Files";
			sourceTree = "<group>";
		};
/* End PBXGroup section */

/* Begin PBXNativeTarget section */
		C7B9EA5B1928D569000BA694 /* xcfui */ = {
			isa = PBXNativeTarget;
			buildConfigurationList = C7B9EA6F1928D569000BA694 /* Build configuration list for PBXNativeTarget "xcfui" */;
			buildPhases = (
				C7B9EA581928D569000BA694 /* Sources */,
				C7B9EA591928D569000BA694 /* Frameworks */,
				C7B9EA5A1928D569000BA694 /* Resources */,
			);
			buildRules = (
			);
			dependencies = (
			);
			name = xcfui;
			productName = xcfui;
			productReference = C7B9EA5C1928D569000BA694 /* xcfui.xcplugin */;
			productType = "com.apple.product-type.bundle";
		};
/* End PBXNativeTarget section */

/* Begin PBXProject section */
		C7B9EA541928D569000BA694 /* Project object */ = {
			isa = PBXProject;
			attributes = {
				CLASSPREFIX = XCF;
				LastUpgradeCheck = 0510;
				ORGANIZATIONNAME = "Josip Cavar";
			};
			buildConfigurationList = C7B9EA571928D569000BA694 /* Build configuration list for PBXProject "xcfui" */;
			compatibilityVersion = "Xcode 3.2";
			developmentRegion = English;
			hasScannedForEncodings = 0;
			knownRegions = (
				en,
			);
			mainGroup = C7B9EA531928D569000BA694;
			productRefGroup = C7B9EA5D1928D569000BA694 /* Products */;
			projectDirPath = "";
			projectRoot = "";
			targets = (
				C7B9EA5B1928D569000BA694 /* xcfui */,
			);
		};
/* End PBXProject section */

/* Begin PBXResourcesBuildPhase section */
		C7B9EA5A1928D569000BA694 /* Resources */ = {
			isa = PBXResourcesBuildPhase;
			buildActionMask = 2147483647;
			files = (
				C7B9EA681928D569000BA694 /* InfoPlist.strings in Resources */,
				C7182DE0192ABAF500C36303 /* remove_phase.rb in Resources */,
				C7A5F8B5193F712600EAF99F /* fui_script.sh in Resources */,
				C7B9EA731929322F000BA694 /* add_phase.rb in Resources */,
			);
			runOnlyForDeploymentPostprocessing = 0;
		};
/* End PBXResourcesBuildPhase section */

/* Begin PBXSourcesBuildPhase section */
		C7B9EA581928D569000BA694 /* Sources */ = {
			isa = PBXSourcesBuildPhase;
			buildActionMask = 2147483647;
			files = (
				C7B9EA6B1928D569000BA694 /* XCFxcfui.m in Sources */,
			);
			runOnlyForDeploymentPostprocessing = 0;
		};
/* End PBXSourcesBuildPhase section */

/* Begin PBXVariantGroup section */
		C7B9EA661928D569000BA694 /* InfoPlist.strings */ = {
			isa = PBXVariantGroup;
			children = (
				C7B9EA671928D569000BA694 /* en */,
			);
			name = InfoPlist.strings;
			sourceTree = "<group>";
		};
/* End PBXVariantGroup section */

/* Begin XCBuildConfiguration section */
		C7B9EA6D1928D569000BA694 /* Debug */ = {
			isa = XCBuildConfiguration;
			buildSettings = {
				ALWAYS_SEARCH_USER_PATHS = NO;
				CLANG_CXX_LANGUAGE_STANDARD = "gnu++0x";
				CLANG_CXX_LIBRARY = "libc++";
				CLANG_ENABLE_MODULES = YES;
				CLANG_ENABLE_OBJC_ARC = YES;
				CLANG_WARN_BOOL_CONVERSION = YES;
				CLANG_WARN_CONSTANT_CONVERSION = YES;
				CLANG_WARN_DIRECT_OBJC_ISA_USAGE = YES_ERROR;
				CLANG_WARN_EMPTY_BODY = YES;
				CLANG_WARN_ENUM_CONVERSION = YES;
				CLANG_WARN_INT_CONVERSION = YES;
				CLANG_WARN_OBJC_ROOT_CLASS = YES_ERROR;
				CLANG_WARN__DUPLICATE_METHOD_MATCH = YES;
				COPY_PHASE_STRIP = NO;
				GCC_C_LANGUAGE_STANDARD = gnu99;
				GCC_DYNAMIC_NO_PIC = NO;
				GCC_ENABLE_OBJC_EXCEPTIONS = YES;
				GCC_OPTIMIZATION_LEVEL = 0;
				GCC_PREPROCESSOR_DEFINITIONS = (
					"DEBUG=1",
					"$(inherited)",
				);
				GCC_SYMBOLS_PRIVATE_EXTERN = NO;
				GCC_WARN_64_TO_32_BIT_CONVERSION = YES;
				GCC_WARN_ABOUT_RETURN_TYPE = YES_ERROR;
				GCC_WARN_UNDECLARED_SELECTOR = YES;
				GCC_WARN_UNINITIALIZED_AUTOS = YES_AGGRESSIVE;
				GCC_WARN_UNUSED_FUNCTION = YES;
				GCC_WARN_UNUSED_VARIABLE = YES;
				MACOSX_DEPLOYMENT_TARGET = 10.9;
				ONLY_ACTIVE_ARCH = YES;
				SDKROOT = macosx;
			};
			name = Debug;
		};
		C7B9EA6E1928D569000BA694 /* Release */ = {
			isa = XCBuildConfiguration;
			buildSettings = {
				ALWAYS_SEARCH_USER_PATHS = NO;
				CLANG_CXX_LANGUAGE_STANDARD = "gnu++0x";
				CLANG_CXX_LIBRARY = "libc++";
				CLANG_ENABLE_MODULES = YES;
				CLANG_ENABLE_OBJC_ARC = YES;
				CLANG_WARN_BOOL_CONVERSION = YES;
				CLANG_WARN_CONSTANT_CONVERSION = YES;
				CLANG_WARN_DIRECT_OBJC_ISA_USAGE = YES_ERROR;
				CLANG_WARN_EMPTY_BODY = YES;
				CLANG_WARN_ENUM_CONVERSION = YES;
				CLANG_WARN_INT_CONVERSION = YES;
				CLANG_WARN_OBJC_ROOT_CLASS = YES_ERROR;
				CLANG_WARN__DUPLICATE_METHOD_MATCH = YES;
				COPY_PHASE_STRIP = YES;
				DEBUG_INFORMATION_FORMAT = "dwarf-with-dsym";
				ENABLE_NS_ASSERTIONS = NO;
				GCC_C_LANGUAGE_STANDARD = gnu99;
				GCC_ENABLE_OBJC_EXCEPTIONS = YES;
				GCC_WARN_64_TO_32_BIT_CONVERSION = YES;
				GCC_WARN_ABOUT_RETURN_TYPE = YES_ERROR;
				GCC_WARN_UNDECLARED_SELECTOR = YES;
				GCC_WARN_UNINITIALIZED_AUTOS = YES_AGGRESSIVE;
				GCC_WARN_UNUSED_FUNCTION = YES;
				GCC_WARN_UNUSED_VARIABLE = YES;
				MACOSX_DEPLOYMENT_TARGET = 10.9;
				SDKROOT = macosx;
			};
			name = Release;
		};
		C7B9EA701928D569000BA694 /* Debug */ = {
			isa = XCBuildConfiguration;
			buildSettings = {
				COMBINE_HIDPI_IMAGES = YES;
				DEPLOYMENT_LOCATION = YES;
				DSTROOT = "$(HOME)";
				GCC_PRECOMPILE_PREFIX_HEADER = YES;
				GCC_PREFIX_HEADER = "xcfui/xcfui-Prefix.pch";
				INFOPLIST_FILE = "xcfui/xcfui-Info.plist";
				INSTALL_PATH = "/Library/Application Support/Developer/Shared/Xcode/Plug-ins";
				PRODUCT_NAME = "$(TARGET_NAME)";
				WRAPPER_EXTENSION = xcplugin;
			};
			name = Debug;
		};
		C7B9EA711928D569000BA694 /* Release */ = {
			isa = XCBuildConfiguration;
			buildSettings = {
				COMBINE_HIDPI_IMAGES = YES;
				DEPLOYMENT_LOCATION = YES;
				DSTROOT = "$(HOME)";
				GCC_PRECOMPILE_PREFIX_HEADER = YES;
				GCC_PREFIX_HEADER = "xcfui/xcfui-Prefix.pch";
				INFOPLIST_FILE = "xcfui/xcfui-Info.plist";
				INSTALL_PATH = "/Library/Application Support/Developer/Shared/Xcode/Plug-ins";
				PRODUCT_NAME = "$(TARGET_NAME)";
				WRAPPER_EXTENSION = xcplugin;
			};
			name = Release;
		};
/* End XCBuildConfiguration section */

/* Begin XCConfigurationList section */
		C7B9EA571928D569000BA694 /* Build configuration list for PBXProject "xcfui" */ = {
			isa = XCConfigurationList;
			buildConfigurations = (
				C7B9EA6D1928D569000BA694 /* Debug */,
				C7B9EA6E1928D569000BA694 /* Release */,
			);
			defaultConfigurationIsVisible = 0;
			defaultConfigurationName = Release;
		};
		C7B9EA6F1928D569000BA694 /* Build configuration list for PBXNativeTarget "xcfui" */ = {
			isa = XCConfigurationList;
			buildConfigurations = (
				C7B9EA701928D569000BA694 /* Debug */,
				C7B9EA711928D569000BA694 /* Release */,
			);
			defaultConfigurationIsVisible = 0;
			defaultConfigurationName = Release;
		};
/* End XCConfigurationList section */
	};
	rootObject = C7B9EA541928D569000BA694 /* Project object */;
}
